Microsoft Visual Studio Solution File, Format Version 12.00
# Visual Studio Version 17
VisualStudioVersion = 17.5.2.0
MinimumVisualStudioVersion = 10.0.40219.1
Project("{FAE04EC0-301F-11D3-BF4B-00C04F79EFBC}") = "InvoiceTracker.API", "InvoiceTracker.API\InvoiceTracker.API.csproj", "{0AAABF53-F14C-CBE9-7ACE-0729F6BE5FFD}"
EndProject
Global
	GlobalSection(SolutionConfigurationPlatforms) = preSolution
		Debug|Any CPU = Debug|Any CPU
		Release|Any CPU = Release|Any CPU
	EndGlobalSection
	GlobalSection(ProjectConfigurationPlatforms) = postSolution
		{0AAABF53-F14C-CBE9-7ACE-0729F6BE5FFD}.Debug|Any CPU.ActiveCfg = Debug|Any CPU
		{0AAABF53-F14C-CBE9-7ACE-0729F6BE5FFD}.Debug|Any CPU.Build.0 = Debug|Any CPU
		{0AAABF53-F14C-CBE9-7ACE-0729F6BE5FFD}.Release|Any CPU.ActiveCfg = Release|Any CPU
		{0AAABF53-F14C-CBE9-7ACE-0729F6BE5FFD}.Release|Any CPU.Build.0 = Release|Any CPU
	EndGlobalSection
	GlobalSection(SolutionProperties) = preSolution
		HideSolutionNode = FALSE
	EndGlobalSection
	GlobalSection(ExtensibilityGlobals) = postSolution
		SolutionGuid = {A24EE35F-7668-4F7D-A423-43F16C95FF61}
	EndGlobalSection
EndGlobal
